// !$*UTF8*$!
{
	archiveVersion = 1;
	classes = {
	};
	objectVersion = 56;
	objects = {

/* Begin PBXBuildFile section */
		A8A4582E3A09F4D10E7DEF45 /* Pods_parentTests.framework in Frameworks */ = {isa = PBXBuildFile; fileRef = CD61C9597520E322E47EA142 /* Pods_parentTests.framework */; };
		D377429C148BD9F11EFCDC06 /* Pods_parent.framework in Frameworks */ = {isa = PBXBuildFile; fileRef = 6C745A5B9F22091D10C2F271 /* Pods_parent.framework */; };
		E6A855712AA64D3600ADC1C8 /* AudioFileUtility.swift in Sources */ = {isa = PBXBuildFile; fileRef = E6A855702AA64D3600ADC1C8 /* AudioFileUtility.swift */; };
		E6A855732AA6524C00ADC1C8 /* AudioFileManager.swift in Sources */ = {isa = PBXBuildFile; fileRef = E6A855722AA6524C00ADC1C8 /* AudioFileManager.swift */; };
		E6E44AD62A92063400204FC3 /* AVFoundation.framework in Frameworks */ = {isa = PBXBuildFile; fileRef = E6E44AD52A92063400204FC3 /* AVFoundation.framework */; };
		E6E44AD82A92063E00204FC3 /* UIKit.framework in Frameworks */ = {isa = PBXBuildFile; fileRef = E6E44AD72A92063E00204FC3 /* UIKit.framework */; };
		E6E44ADA2A92064900204FC3 /* Foundation.framework in Frameworks */ = {isa = PBXBuildFile; fileRef = E6E44AD92A92064900204FC3 /* Foundation.framework */; };
		E6FAE8522A91B9470016143E /* parentApp.swift in Sources */ = {isa = PBXBuildFile; fileRef = E6FAE8512A91B9470016143E /* parentApp.swift */; };
		E6FAE8542A91B9470016143E /* ContentView.swift in Sources */ = {isa = PBXBuildFile; fileRef = E6FAE8532A91B9470016143E /* ContentView.swift */; };
		E6FAE8562A91B9490016143E /* Assets.xcassets in Resources */ = {isa = PBXBuildFile; fileRef = E6FAE8552A91B9490016143E /* Assets.xcassets */; };
		E6FAE8592A91B9490016143E /* Preview Assets.xcassets in Resources */ = {isa = PBXBuildFile; fileRef = E6FAE8582A91B9490016143E /* Preview Assets.xcassets */; };
		E6FAE8632A91B9490016143E /* parentTests.swift in Sources */ = {isa = PBXBuildFile; fileRef = E6FAE8622A91B9490016143E /* parentTests.swift */; };
		E6FAE86D2A91B9490016143E /* parentUITests.swift in Sources */ = {isa = PBXBuildFile; fileRef = E6FAE86C2A91B9490016143E /* parentUITests.swift */; };
		E6FAE86F2A91B9490016143E /* parentUITestsLaunchTests.swift in Sources */ = {isa = PBXBuildFile; fileRef = E6FAE86E2A91B9490016143E /* parentUITestsLaunchTests.swift */; };
		E6FAE87C2A91BB4B0016143E /* AudioRecorder.swift in Sources */ = {isa = PBXBuildFile; fileRef = E6FAE87B2A91BB4B0016143E /* AudioRecorder.swift */; };
		E6FAE8812A91FE070016143E /* RecordButtonView.swift in Sources */ = {isa = PBXBuildFile; fileRef = E6FAE8802A91FE070016143E /* RecordButtonView.swift */; };
		FBA6424C33173E18C44101EC /* Pods_parent_parentUITests.framework in Frameworks */ = {isa = PBXBuildFile; fileRef = B38ECA3640C196883FD2744E /* Pods_parent_parentUITests.framework */; };
/* End PBXBuildFile section */

/* Begin PBXContainerItemProxy section */
		E6FAE85F2A91B9490016143E /* PBXContainerItemProxy */ = {
			isa = PBXContainerItemProxy;
			containerPortal = E6FAE8462A91B9470016143E /* Project object */;
			proxyType = 1;
			remoteGlobalIDString = E6FAE84D2A91B9470016143E;
			remoteInfo = parent;
		};
		E6FAE8692A91B9490016143E /* PBXContainerItemProxy */ = {
			isa = PBXContainerItemProxy;
			containerPortal = E6FAE8462A91B9470016143E /* Project object */;
			proxyType = 1;
			remoteGlobalIDString = E6FAE84D2A91B9470016143E;
			remoteInfo = parent;
		};
/* End PBXContainerItemProxy section */

/* Begin PBXFileReference section */
		2BD3AAC01ED3E914AF445BBA /* Pods-parent.release.xcconfig */ = {isa = PBXFileReference; includeInIndex = 1; lastKnownFileType = text.xcconfig; name = "Pods-parent.release.xcconfig"; path = "Target Support Files/Pods-parent/Pods-parent.release.xcconfig"; sourceTree = "<group>"; };
		4CF5220B2EC90C1599FAE855 /* Pods-parentTests.debug.xcconfig */ = {isa = PBXFileReference; includeInIndex = 1; lastKnownFileType = text.xcconfig; name = "Pods-parentTests.debug.xcconfig"; path = "Target Support Files/Pods-parentTests/Pods-parentTests.debug.xcconfig"; sourceTree = "<group>"; };
		6C745A5B9F22091D10C2F271 /* Pods_parent.framework */ = {isa = PBXFileReference; explicitFileType = wrapper.framework; includeInIndex = 0; path = Pods_parent.framework; sourceTree = BUILT_PRODUCTS_DIR; };
		6EC4877F213DC820AA84948C /* Pods-parent-parentUITests.debug.xcconfig */ = {isa = PBXFileReference; includeInIndex = 1; lastKnownFileType = text.xcconfig; name = "Pods-parent-parentUITests.debug.xcconfig"; path = "Target Support Files/Pods-parent-parentUITests/Pods-parent-parentUITests.debug.xcconfig"; sourceTree = "<group>"; };
		9EABD46649CFB612DB7A8171 /* Pods-parent.debug.xcconfig */ = {isa = PBXFileReference; includeInIndex = 1; lastKnownFileType = text.xcconfig; name = "Pods-parent.debug.xcconfig"; path = "Target Support Files/Pods-parent/Pods-parent.debug.xcconfig"; sourceTree = "<group>"; };
		B38ECA3640C196883FD2744E /* Pods_parent_parentUITests.framework */ = {isa = PBXFileReference; explicitFileType = wrapper.framework; includeInIndex = 0; path = Pods_parent_parentUITests.framework; sourceTree = BUILT_PRODUCTS_DIR; };
		C06ECDF8DF99786D1D07FC98 /* Pods-parent-parentUITests.release.xcconfig */ = {isa = PBXFileReference; includeInIndex = 1; lastKnownFileType = text.xcconfig; name = "Pods-parent-parentUITests.release.xcconfig"; path = "Target Support Files/Pods-parent-parentUITests/Pods-parent-parentUITests.release.xcconfig"; sourceTree = "<group>"; };
		CD61C9597520E322E47EA142 /* Pods_parentTests.framework */ = {isa = PBXFileReference; explicitFileType = wrapper.framework; includeInIndex = 0; path = Pods_parentTests.framework; sourceTree = BUILT_PRODUCTS_DIR; };
		DCEDA03A7937B3BC3542ADAB /* Pods-parentTests.release.xcconfig */ = {isa = PBXFileReference; includeInIndex = 1; lastKnownFileType = text.xcconfig; name = "Pods-parentTests.release.xcconfig"; path = "Target Support Files/Pods-parentTests/Pods-parentTests.release.xcconfig"; sourceTree = "<group>"; };
		E6A855702AA64D3600ADC1C8 /* AudioFileUtility.swift */ = {isa = PBXFileReference; lastKnownFileType = sourcecode.swift; path = AudioFileUtility.swift; sourceTree = "<group>"; };
		E6A855722AA6524C00ADC1C8 /* AudioFileManager.swift */ = {isa = PBXFileReference; lastKnownFileType = sourcecode.swift; path = AudioFileManager.swift; sourceTree = "<group>"; };
		E6E44AD52A92063400204FC3 /* AVFoundation.framework */ = {isa = PBXFileReference; lastKnownFileType = wrapper.framework; name = AVFoundation.framework; path = System/Library/Frameworks/AVFoundation.framework; sourceTree = SDKROOT; };
		E6E44AD72A92063E00204FC3 /* UIKit.framework */ = {isa = PBXFileReference; lastKnownFileType = wrapper.framework; name = UIKit.framework; path = System/Library/Frameworks/UIKit.framework; sourceTree = SDKROOT; };
		E6E44AD92A92064900204FC3 /* Foundation.framework */ = {isa = PBXFileReference; lastKnownFileType = wrapper.framework; name = Foundation.framework; path = System/Library/Frameworks/Foundation.framework; sourceTree = SDKROOT; };
		E6FAE84E2A91B9470016143E /* parent.app */ = {isa = PBXFileReference; explicitFileType = wrapper.application; includeInIndex = 0; path = parent.app; sourceTree = BUILT_PRODUCTS_DIR; };
		E6FAE8512A91B9470016143E /* parentApp.swift */ = {isa = PBXFileReference; lastKnownFileType = sourcecode.swift; path = parentApp.swift; sourceTree = "<group>"; };
		E6FAE8532A91B9470016143E /* ContentView.swift */ = {isa = PBXFileReference; lastKnownFileType = sourcecode.swift; path = ContentView.swift; sourceTree = "<group>"; };
		E6FAE8552A91B9490016143E /* Assets.xcassets */ = {isa = PBXFileReference; lastKnownFileType = folder.assetcatalog; path = Assets.xcassets; sourceTree = "<group>"; };
		E6FAE8582A91B9490016143E /* Preview Assets.xcassets */ = {isa = PBXFileReference; lastKnownFileType = folder.assetcatalog; path = "Preview Assets.xcassets"; sourceTree = "<group>"; };
		E6FAE85E2A91B9490016143E /* parentTests.xctest */ = {isa = PBXFileReference; explicitFileType = wrapper.cfbundle; includeInIndex = 0; path = parentTests.xctest; sourceTree = BUILT_PRODUCTS_DIR; };
		E6FAE8622A91B9490016143E /* parentTests.swift */ = {isa = PBXFileReference; lastKnownFileType = sourcecode.swift; path = parentTests.swift; sourceTree = "<group>"; };
		E6FAE8682A91B9490016143E /* parentUITests.xctest */ = {isa = PBXFileReference; explicitFileType = wrapper.cfbundle; includeInIndex = 0; path = parentUITests.xctest; sourceTree = BUILT_PRODUCTS_DIR; };
		E6FAE86C2A91B9490016143E /* parentUITests.swift */ = {isa = PBXFileReference; lastKnownFileType = sourcecode.swift; path = parentUITests.swift; sourceTree = "<group>"; };
		E6FAE86E2A91B9490016143E /* parentUITestsLaunchTests.swift */ = {isa = PBXFileReference; lastKnownFileType = sourcecode.swift; path = parentUITestsLaunchTests.swift; sourceTree = "<group>"; };
		E6FAE87B2A91BB4B0016143E /* AudioRecorder.swift */ = {isa = PBXFileReference; lastKnownFileType = sourcecode.swift; path = AudioRecorder.swift; sourceTree = "<group>"; };
		E6FAE87F2A91FCB90016143E /* ParentApp-Bridging-Header.h */ = {isa = PBXFileReference; lastKnownFileType = sourcecode.c.h; path = "ParentApp-Bridging-Header.h"; sourceTree = "<group>"; };
		E6FAE8802A91FE070016143E /* RecordButtonView.swift */ = {isa = PBXFileReference; lastKnownFileType = sourcecode.swift; path = RecordButtonView.swift; sourceTree = "<group>"; };
/* End PBXFileReference section */

/* Begin PBXFrameworksBuildPhase section */
		E6FAE84B2A91B9470016143E /* Frameworks */ = {
			isa = PBXFrameworksBuildPhase;
			buildActionMask = 2147483647;
			files = (
				E6E44ADA2A92064900204FC3 /* Foundation.framework in Frameworks */,
				E6E44AD82A92063E00204FC3 /* UIKit.framework in Frameworks */,
				E6E44AD62A92063400204FC3 /* AVFoundation.framework in Frameworks */,
				D377429C148BD9F11EFCDC06 /* Pods_parent.framework in Frameworks */,
			);
			runOnlyForDeploymentPostprocessing = 0;
		};
		E6FAE85B2A91B9490016143E /* Frameworks */ = {
			isa = PBXFrameworksBuildPhase;
			buildActionMask = 2147483647;
			files = (
				A8A4582E3A09F4D10E7DEF45 /* Pods_parentTests.framework in Frameworks */,
			);
			runOnlyForDeploymentPostprocessing = 0;
		};
		E6FAE8652A91B9490016143E /* Frameworks */ = {
			isa = PBXFrameworksBuildPhase;
			buildActionMask = 2147483647;
			files = (
				FBA6424C33173E18C44101EC /* Pods_parent_parentUITests.framework in Frameworks */,
			);
			runOnlyForDeploymentPostprocessing = 0;
		};
/* End PBXFrameworksBuildPhase section */

/* Begin PBXGroup section */
		0454A28C868D8154E6034338 /* Frameworks */ = {
			isa = PBXGroup;
			children = (
				E6E44AD92A92064900204FC3 /* Foundation.framework */,
				E6E44AD72A92063E00204FC3 /* UIKit.framework */,
				E6E44AD52A92063400204FC3 /* AVFoundation.framework */,
				6C745A5B9F22091D10C2F271 /* Pods_parent.framework */,
				B38ECA3640C196883FD2744E /* Pods_parent_parentUITests.framework */,
				CD61C9597520E322E47EA142 /* Pods_parentTests.framework */,
			);
			name = Frameworks;
			sourceTree = "<group>";
		};
		5D94BCDC49164653ACB015F3 /* Pods */ = {
			isa = PBXGroup;
			children = (
				9EABD46649CFB612DB7A8171 /* Pods-parent.debug.xcconfig */,
				2BD3AAC01ED3E914AF445BBA /* Pods-parent.release.xcconfig */,
				6EC4877F213DC820AA84948C /* Pods-parent-parentUITests.debug.xcconfig */,
				C06ECDF8DF99786D1D07FC98 /* Pods-parent-parentUITests.release.xcconfig */,
				4CF5220B2EC90C1599FAE855 /* Pods-parentTests.debug.xcconfig */,
				DCEDA03A7937B3BC3542ADAB /* Pods-parentTests.release.xcconfig */,
			);
			path = Pods;
			sourceTree = "<group>";
		};
		E6FAE8452A91B9470016143E = {
			isa = PBXGroup;
			children = (
				E6FAE8502A91B9470016143E /* frontend */,
				E6FAE8612A91B9490016143E /* parentTests */,
				E6FAE86B2A91B9490016143E /* parentUITests */,
				E6FAE84F2A91B9470016143E /* Products */,
				5D94BCDC49164653ACB015F3 /* Pods */,
				0454A28C868D8154E6034338 /* Frameworks */,
			);
			sourceTree = "<group>";
		};
		E6FAE84F2A91B9470016143E /* Products */ = {
			isa = PBXGroup;
			children = (
				E6FAE84E2A91B9470016143E /* parent.app */,
				E6FAE85E2A91B9490016143E /* parentTests.xctest */,
				E6FAE8682A91B9490016143E /* parentUITests.xctest */,
			);
			name = Products;
			sourceTree = "<group>";
		};
		E6FAE8502A91B9470016143E /* frontend */ = {
			isa = PBXGroup;
			children = (
				E6FAE8512A91B9470016143E /* parentApp.swift */,
				E6FAE8532A91B9470016143E /* ContentView.swift */,
				E6FAE8552A91B9490016143E /* Assets.xcassets */,
				E6FAE8572A91B9490016143E /* Preview Content */,
				E6FAE87B2A91BB4B0016143E /* AudioRecorder.swift */,
				E6FAE87F2A91FCB90016143E /* ParentApp-Bridging-Header.h */,
				E6FAE8802A91FE070016143E /* RecordButtonView.swift */,
				E6A855702AA64D3600ADC1C8 /* AudioFileUtility.swift */,
				E6A855722AA6524C00ADC1C8 /* AudioFileManager.swift */,
			);
			path = frontend;
			sourceTree = "<group>";
		};
		E6FAE8572A91B9490016143E /* Preview Content */ = {
			isa = PBXGroup;
			children = (
				E6FAE8582A91B9490016143E /* Preview Assets.xcassets */,
			);
			path = "Preview Content";
			sourceTree = "<group>";
		};
		E6FAE8612A91B9490016143E /* parentTests */ = {
			isa = PBXGroup;
			children = (
				E6FAE8622A91B9490016143E /* parentTests.swift */,
			);
			path = parentTests;
			sourceTree = "<group>";
		};
		E6FAE86B2A91B9490016143E /* parentUITests */ = {
			isa = PBXGroup;
			children = (
				E6FAE86C2A91B9490016143E /* parentUITests.swift */,
				E6FAE86E2A91B9490016143E /* parentUITestsLaunchTests.swift */,
			);
			path = parentUITests;
			sourceTree = "<group>";
		};
/* End PBXGroup section */

/* Begin PBXNativeTarget section */
		E6FAE84D2A91B9470016143E /* parent */ = {
			isa = PBXNativeTarget;
			buildConfigurationList = E6FAE8722A91B9490016143E /* Build configuration list for PBXNativeTarget "parent" */;
			buildPhases = (
				D4FA186B7096FD4093865252 /* [CP] Check Pods Manifest.lock */,
				E6FAE84A2A91B9470016143E /* Sources */,
				E6FAE84B2A91B9470016143E /* Frameworks */,
				E6FAE84C2A91B9470016143E /* Resources */,
				5108E8B5DC3C0CEC9C05087A /* [CP] Embed Pods Frameworks */,
			);
			buildRules = (
			);
			dependencies = (
			);
			name = parent;
			productName = parent;
			productReference = E6FAE84E2A91B9470016143E /* parent.app */;
			productType = "com.apple.product-type.application";
		};
		E6FAE85D2A91B9490016143E /* parentTests */ = {
			isa = PBXNativeTarget;
			buildConfigurationList = E6FAE8752A91B9490016143E /* Build configuration list for PBXNativeTarget "parentTests" */;
			buildPhases = (
				C306806AC275D58470B7213F /* [CP] Check Pods Manifest.lock */,
				E6FAE85A2A91B9490016143E /* Sources */,
				E6FAE85B2A91B9490016143E /* Frameworks */,
				E6FAE85C2A91B9490016143E /* Resources */,
			);
			buildRules = (
			);
			dependencies = (
				E6FAE8602A91B9490016143E /* PBXTargetDependency */,
			);
			name = parentTests;
			productName = parentTests;
			productReference = E6FAE85E2A91B9490016143E /* parentTests.xctest */;
			productType = "com.apple.product-type.bundle.unit-test";
		};
		E6FAE8672A91B9490016143E /* parentUITests */ = {
			isa = PBXNativeTarget;
			buildConfigurationList = E6FAE8782A91B9490016143E /* Build configuration list for PBXNativeTarget "parentUITests" */;
			buildPhases = (
				D16B15C343892227F50D1C67 /* [CP] Check Pods Manifest.lock */,
				E6FAE8642A91B9490016143E /* Sources */,
				E6FAE8652A91B9490016143E /* Frameworks */,
				E6FAE8662A91B9490016143E /* Resources */,
				D9906C9492EDDE9F504E6D2D /* [CP] Embed Pods Frameworks */,
			);
			buildRules = (
			);
			dependencies = (
				E6FAE86A2A91B9490016143E /* PBXTargetDependency */,
			);
			name = parentUITests;
			productName = parentUITests;
			productReference = E6FAE8682A91B9490016143E /* parentUITests.xctest */;
			productType = "com.apple.product-type.bundle.ui-testing";
		};
/* End PBXNativeTarget section */

/* Begin PBXProject section */
		E6FAE8462A91B9470016143E /* Project object */ = {
			isa = PBXProject;
			attributes = {
				BuildIndependentTargetsInParallel = 1;
				LastSwiftUpdateCheck = 1430;
				LastUpgradeCheck = 1430;
				TargetAttributes = {
					E6FAE84D2A91B9470016143E = {
						CreatedOnToolsVersion = 14.3.1;
					};
					E6FAE85D2A91B9490016143E = {
						CreatedOnToolsVersion = 14.3.1;
						TestTargetID = E6FAE84D2A91B9470016143E;
					};
					E6FAE8672A91B9490016143E = {
						CreatedOnToolsVersion = 14.3.1;
						TestTargetID = E6FAE84D2A91B9470016143E;
					};
				};
			};
			buildConfigurationList = E6FAE8492A91B9470016143E /* Build configuration list for PBXProject "parent" */;
			compatibilityVersion = "Xcode 14.0";
			developmentRegion = en;
			hasScannedForEncodings = 0;
			knownRegions = (
				en,
				Base,
			);
			mainGroup = E6FAE8452A91B9470016143E;
			productRefGroup = E6FAE84F2A91B9470016143E /* Products */;
			projectDirPath = "";
			projectRoot = "";
			targets = (
				E6FAE84D2A91B9470016143E /* parent */,
				E6FAE85D2A91B9490016143E /* parentTests */,
				E6FAE8672A91B9490016143E /* parentUITests */,
			);
		};
/* End PBXProject section */

/* Begin PBXResourcesBuildPhase section */
		E6FAE84C2A91B9470016143E /* Resources */ = {
			isa = PBXResourcesBuildPhase;
			buildActionMask = 2147483647;
			files = (
				E6FAE8592A91B9490016143E /* Preview Assets.xcassets in Resources */,
				E6FAE8562A91B9490016143E /* Assets.xcassets in Resources */,
			);
			runOnlyForDeploymentPostprocessing = 0;
		};
		E6FAE85C2A91B9490016143E /* Resources */ = {
			isa = PBXResourcesBuildPhase;
			buildActionMask = 2147483647;
			files = (
			);
			runOnlyForDeploymentPostprocessing = 0;
		};
		E6FAE8662A91B9490016143E /* Resources */ = {
			isa = PBXResourcesBuildPhase;
			buildActionMask = 2147483647;
			files = (
			);
			runOnlyForDeploymentPostprocessing = 0;
		};
/* End PBXResourcesBuildPhase section */

/* Begin PBXShellScriptBuildPhase section */
		5108E8B5DC3C0CEC9C05087A /* [CP] Embed Pods Frameworks */ = {
			isa = PBXShellScriptBuildPhase;
			buildActionMask = 2147483647;
			files = (
			);
			inputFileListPaths = (
				"${PODS_ROOT}/Target Support Files/Pods-parent/Pods-parent-frameworks-${CONFIGURATION}-input-files.xcfilelist",
			);
			name = "[CP] Embed Pods Frameworks";
			outputFileListPaths = (
				"${PODS_ROOT}/Target Support Files/Pods-parent/Pods-parent-frameworks-${CONFIGURATION}-output-files.xcfilelist",
			);
			runOnlyForDeploymentPostprocessing = 0;
			shellPath = /bin/sh;
			shellScript = "\"${PODS_ROOT}/Target Support Files/Pods-parent/Pods-parent-frameworks.sh\"\n";
			showEnvVarsInLog = 0;
		};
		C306806AC275D58470B7213F /* [CP] Check Pods Manifest.lock */ = {
			isa = PBXShellScriptBuildPhase;
			buildActionMask = 2147483647;
			files = (
			);
			inputFileListPaths = (
			);
			inputPaths = (
				"${PODS_PODFILE_DIR_PATH}/Podfile.lock",
				"${PODS_ROOT}/Manifest.lock",
			);
			name = "[CP] Check Pods Manifest.lock";
			outputFileListPaths = (
			);
			outputPaths = (
				"$(DERIVED_FILE_DIR)/Pods-parentTests-checkManifestLockResult.txt",
			);
			runOnlyForDeploymentPostprocessing = 0;
			shellPath = /bin/sh;
			shellScript = "diff \"${PODS_PODFILE_DIR_PATH}/Podfile.lock\" \"${PODS_ROOT}/Manifest.lock\" > /dev/null\nif [ $? != 0 ] ; then\n    # print error to STDERR\n    echo \"error: The sandbox is not in sync with the Podfile.lock. Run 'pod install' or update your CocoaPods installation.\" >&2\n    exit 1\nfi\n# This output is used by Xcode 'outputs' to avoid re-running this script phase.\necho \"SUCCESS\" > \"${SCRIPT_OUTPUT_FILE_0}\"\n";
			showEnvVarsInLog = 0;
		};
		D16B15C343892227F50D1C67 /* [CP] Check Pods Manifest.lock */ = {
			isa = PBXShellScriptBuildPhase;
			buildActionMask = 2147483647;
			files = (
			);
			inputFileListPaths = (
			);
			inputPaths = (
				"${PODS_PODFILE_DIR_PATH}/Podfile.lock",
				"${PODS_ROOT}/Manifest.lock",
			);
			name = "[CP] Check Pods Manifest.lock";
			outputFileListPaths = (
			);
			outputPaths = (
				"$(DERIVED_FILE_DIR)/Pods-parent-parentUITests-checkManifestLockResult.txt",
			);
			runOnlyForDeploymentPostprocessing = 0;
			shellPath = /bin/sh;
			shellScript = "diff \"${PODS_PODFILE_DIR_PATH}/Podfile.lock\" \"${PODS_ROOT}/Manifest.lock\" > /dev/null\nif [ $? != 0 ] ; then\n    # print error to STDERR\n    echo \"error: The sandbox is not in sync with the Podfile.lock. Run 'pod install' or update your CocoaPods installation.\" >&2\n    exit 1\nfi\n# This output is used by Xcode 'outputs' to avoid re-running this script phase.\necho \"SUCCESS\" > \"${SCRIPT_OUTPUT_FILE_0}\"\n";
			showEnvVarsInLog = 0;
		};
		D4FA186B7096FD4093865252 /* [CP] Check Pods Manifest.lock */ = {
			isa = PBXShellScriptBuildPhase;
			buildActionMask = 2147483647;
			files = (
			);
			inputFileListPaths = (
			);
			inputPaths = (
				"${PODS_PODFILE_DIR_PATH}/Podfile.lock",
				"${PODS_ROOT}/Manifest.lock",
			);
			name = "[CP] Check Pods Manifest.lock";
			outputFileListPaths = (
			);
			outputPaths = (
				"$(DERIVED_FILE_DIR)/Pods-parent-checkManifestLockResult.txt",
			);
			runOnlyForDeploymentPostprocessing = 0;
			shellPath = /bin/sh;
			shellScript = "diff \"${PODS_PODFILE_DIR_PATH}/Podfile.lock\" \"${PODS_ROOT}/Manifest.lock\" > /dev/null\nif [ $? != 0 ] ; then\n    # print error to STDERR\n    echo \"error: The sandbox is not in sync with the Podfile.lock. Run 'pod install' or update your CocoaPods installation.\" >&2\n    exit 1\nfi\n# This output is used by Xcode 'outputs' to avoid re-running this script phase.\necho \"SUCCESS\" > \"${SCRIPT_OUTPUT_FILE_0}\"\n";
			showEnvVarsInLog = 0;
		};
		D9906C9492EDDE9F504E6D2D /* [CP] Embed Pods Frameworks */ = {
			isa = PBXShellScriptBuildPhase;
			buildActionMask = 2147483647;
			files = (
			);
			inputFileListPaths = (
				"${PODS_ROOT}/Target Support Files/Pods-parent-parentUITests/Pods-parent-parentUITests-frameworks-${CONFIGURATION}-input-files.xcfilelist",
			);
			name = "[CP] Embed Pods Frameworks";
			outputFileListPaths = (
				"${PODS_ROOT}/Target Support Files/Pods-parent-parentUITests/Pods-parent-parentUITests-frameworks-${CONFIGURATION}-output-files.xcfilelist",
			);
			runOnlyForDeploymentPostprocessing = 0;
			shellPath = /bin/sh;
			shellScript = "\"${PODS_ROOT}/Target Support Files/Pods-parent-parentUITests/Pods-parent-parentUITests-frameworks.sh\"\n";
			showEnvVarsInLog = 0;
		};
/* End PBXShellScriptBuildPhase section */

/* Begin PBXSourcesBuildPhase section */
		E6FAE84A2A91B9470016143E /* Sources */ = {
			isa = PBXSourcesBuildPhase;
			buildActionMask = 2147483647;
			files = (
				E6A855712AA64D3600ADC1C8 /* AudioFileUtility.swift in Sources */,
				E6FAE87C2A91BB4B0016143E /* AudioRecorder.swift in Sources */,
				E6FAE8542A91B9470016143E /* ContentView.swift in Sources */,
				E6FAE8522A91B9470016143E /* parentApp.swift in Sources */,
				E6A855732AA6524C00ADC1C8 /* AudioFileManager.swift in Sources */,
				E6FAE8812A91FE070016143E /* RecordButtonView.swift in Sources */,
			);
			runOnlyForDeploymentPostprocessing = 0;
		};
		E6FAE85A2A91B9490016143E /* Sources */ = {
			isa = PBXSourcesBuildPhase;
			buildActionMask = 2147483647;
			files = (
				E6FAE8632A91B9490016143E /* parentTests.swift in Sources */,
			);
			runOnlyForDeploymentPostprocessing = 0;
		};
		E6FAE8642A91B9490016143E /* Sources */ = {
			isa = PBXSourcesBuildPhase;
			buildActionMask = 2147483647;
			files = (
				E6FAE86F2A91B9490016143E /* parentUITestsLaunchTests.swift in Sources */,
				E6FAE86D2A91B9490016143E /* parentUITests.swift in Sources */,
			);
			runOnlyForDeploymentPostprocessing = 0;
		};
/* End PBXSourcesBuildPhase section */

/* Begin PBXTargetDependency section */
		E6FAE8602A91B9490016143E /* PBXTargetDependency */ = {
			isa = PBXTargetDependency;
			target = E6FAE84D2A91B9470016143E /* parent */;
			targetProxy = E6FAE85F2A91B9490016143E /* PBXContainerItemProxy */;
		};
		E6FAE86A2A91B9490016143E /* PBXTargetDependency */ = {
			isa = PBXTargetDependency;
			target = E6FAE84D2A91B9470016143E /* parent */;
			targetProxy = E6FAE8692A91B9490016143E /* PBXContainerItemProxy */;
		};
/* End PBXTargetDependency section */

/* Begin XCBuildConfiguration section */
		E6FAE8702A91B9490016143E /* Debug */ = {
			isa = XCBuildConfiguration;
			buildSettings = {
				ALWAYS_SEARCH_USER_PATHS = NO;
				CLANG_ANALYZER_NONNULL = YES;
				CLANG_ANALYZER_NUMBER_OBJECT_CONVERSION = YES_AGGRESSIVE;
				CLANG_CXX_LANGUAGE_STANDARD = "gnu++20";
				CLANG_ENABLE_MODULES = YES;
				CLANG_ENABLE_OBJC_ARC = YES;
				CLANG_ENABLE_OBJC_WEAK = YES;
				CLANG_WARN_BLOCK_CAPTURE_AUTORELEASING = YES;
				CLANG_WARN_BOOL_CONVERSION = YES;
				CLANG_WARN_COMMA = YES;
				CLANG_WARN_CONSTANT_CONVERSION = YES;
				CLANG_WARN_DEPRECATED_OBJC_IMPLEMENTATIONS = YES;
				CLANG_WARN_DIRECT_OBJC_ISA_USAGE = YES_ERROR;
				CLANG_WARN_DOCUMENTATION_COMMENTS = YES;
				CLANG_WARN_EMPTY_BODY = YES;
				CLANG_WARN_ENUM_CONVERSION = YES;
				CLANG_WARN_INFINITE_RECURSION = YES;
				CLANG_WARN_INT_CONVERSION = YES;
				CLANG_WARN_NON_LITERAL_NULL_CONVERSION = YES;
				CLANG_WARN_OBJC_IMPLICIT_RETAIN_SELF = YES;
				CLANG_WARN_OBJC_LITERAL_CONVERSION = YES;
				CLANG_WARN_OBJC_ROOT_CLASS = YES_ERROR;
				CLANG_WARN_QUOTED_INCLUDE_IN_FRAMEWORK_HEADER = YES;
				CLANG_WARN_RANGE_LOOP_ANALYSIS = YES;
				CLANG_WARN_STRICT_PROTOTYPES = YES;
				CLANG_WARN_SUSPICIOUS_MOVE = YES;
				CLANG_WARN_UNGUARDED_AVAILABILITY = YES_AGGRESSIVE;
				CLANG_WARN_UNREACHABLE_CODE = YES;
				CLANG_WARN__DUPLICATE_METHOD_MATCH = YES;
				COPY_PHASE_STRIP = NO;
				DEBUG_INFORMATION_FORMAT = dwarf;
				ENABLE_STRICT_OBJC_MSGSEND = YES;
				ENABLE_TESTABILITY = YES;
				GCC_C_LANGUAGE_STANDARD = gnu11;
				GCC_DYNAMIC_NO_PIC = NO;
				GCC_NO_COMMON_BLOCKS = YES;
				GCC_OPTIMIZATION_LEVEL = 0;
				GCC_PREPROCESSOR_DEFINITIONS = (
					"DEBUG=1",
					"$(inherited)",
				);
				GCC_WARN_64_TO_32_BIT_CONVERSION = YES;
				GCC_WARN_ABOUT_RETURN_TYPE = YES_ERROR;
				GCC_WARN_UNDECLARED_SELECTOR = YES;
				GCC_WARN_UNINITIALIZED_AUTOS = YES_AGGRESSIVE;
				GCC_WARN_UNUSED_FUNCTION = YES;
				GCC_WARN_UNUSED_VARIABLE = YES;
				IPHONEOS_DEPLOYMENT_TARGET = 16.1;
				MTL_ENABLE_DEBUG_INFO = INCLUDE_SOURCE;
				MTL_FAST_MATH = YES;
				ONLY_ACTIVE_ARCH = YES;
				SDKROOT = iphoneos;
				SWIFT_ACTIVE_COMPILATION_CONDITIONS = DEBUG;
				SWIFT_OPTIMIZATION_LEVEL = "-Onone";
			};
			name = Debug;
		};
		E6FAE8712A91B9490016143E /* Release */ = {
			isa = XCBuildConfiguration;
			buildSettings = {
				ALWAYS_SEARCH_USER_PATHS = NO;
				CLANG_ANALYZER_NONNULL = YES;
				CLANG_ANALYZER_NUMBER_OBJECT_CONVERSION = YES_AGGRESSIVE;
				CLANG_CXX_LANGUAGE_STANDARD = "gnu++20";
				CLANG_ENABLE_MODULES = YES;
				CLANG_ENABLE_OBJC_ARC = YES;
				CLANG_ENABLE_OBJC_WEAK = YES;
				CLANG_WARN_BLOCK_CAPTURE_AUTORELEASING = YES;
				CLANG_WARN_BOOL_CONVERSION = YES;
				CLANG_WARN_COMMA = YES;
				CLANG_WARN_CONSTANT_CONVERSION = YES;
				CLANG_WARN_DEPRECATED_OBJC_IMPLEMENTATIONS = YES;
				CLANG_WARN_DIRECT_OBJC_ISA_USAGE = YES_ERROR;
				CLANG_WARN_DOCUMENTATION_COMMENTS = YES;
				CLANG_WARN_EMPTY_BODY = YES;
				CLANG_WARN_ENUM_CONVERSION = YES;
				CLANG_WARN_INFINITE_RECURSION = YES;
				CLANG_WARN_INT_CONVERSION = YES;
				CLANG_WARN_NON_LITERAL_NULL_CONVERSION = YES;
				CLANG_WARN_OBJC_IMPLICIT_RETAIN_SELF = YES;
				CLANG_WARN_OBJC_LITERAL_CONVERSION = YES;
				CLANG_WARN_OBJC_ROOT_CLASS = YES_ERROR;
				CLANG_WARN_QUOTED_INCLUDE_IN_FRAMEWORK_HEADER = YES;
				CLANG_WARN_RANGE_LOOP_ANALYSIS = YES;
				CLANG_WARN_STRICT_PROTOTYPES = YES;
				CLANG_WARN_SUSPICIOUS_MOVE = YES;
				CLANG_WARN_UNGUARDED_AVAILABILITY = YES_AGGRESSIVE;
				CLANG_WARN_UNREACHABLE_CODE = YES;
				CLANG_WARN__DUPLICATE_METHOD_MATCH = YES;
				COPY_PHASE_STRIP = NO;
				DEBUG_INFORMATION_FORMAT = "dwarf-with-dsym";
				ENABLE_NS_ASSERTIONS = NO;
				ENABLE_STRICT_OBJC_MSGSEND = YES;
				GCC_C_LANGUAGE_STANDARD = gnu11;
				GCC_NO_COMMON_BLOCKS = YES;
				GCC_WARN_64_TO_32_BIT_CONVERSION = YES;
				GCC_WARN_ABOUT_RETURN_TYPE = YES_ERROR;
				GCC_WARN_UNDECLARED_SELECTOR = YES;
				GCC_WARN_UNINITIALIZED_AUTOS = YES_AGGRESSIVE;
				GCC_WARN_UNUSED_FUNCTION = YES;
				GCC_WARN_UNUSED_VARIABLE = YES;
				IPHONEOS_DEPLOYMENT_TARGET = 16.1;
				MTL_ENABLE_DEBUG_INFO = NO;
				MTL_FAST_MATH = YES;
				SDKROOT = iphoneos;
				SWIFT_COMPILATION_MODE = wholemodule;
				SWIFT_OPTIMIZATION_LEVEL = "-O";
				VALIDATE_PRODUCT = YES;
			};
			name = Release;
		};
		E6FAE8732A91B9490016143E /* Debug */ = {
			isa = XCBuildConfiguration;
			baseConfigurationReference = 9EABD46649CFB612DB7A8171 /* Pods-parent.debug.xcconfig */;
			buildSettings = {
				ASSETCATALOG_COMPILER_APPICON_NAME = AppIcon;
				ASSETCATALOG_COMPILER_GLOBAL_ACCENT_COLOR_NAME = AccentColor;
				CODE_SIGN_STYLE = Automatic;
				CURRENT_PROJECT_VERSION = 1;
				DEVELOPMENT_ASSET_PATHS = "\"frontend/Preview Content\"";
				DEVELOPMENT_TEAM = N5KU46C5G8;
				ENABLE_PREVIEWS = YES;
				GENERATE_INFOPLIST_FILE = YES;
				INFOPLIST_KEY_NSMicrophoneUsageDescription = "This app uses the microphone to record audio.";
				INFOPLIST_KEY_UIApplicationSceneManifest_Generation = YES;
				INFOPLIST_KEY_UIApplicationSupportsIndirectInputEvents = YES;
				INFOPLIST_KEY_UILaunchScreen_Generation = YES;
				INFOPLIST_KEY_UISupportedInterfaceOrientations_iPad = "UIInterfaceOrientationPortrait UIInterfaceOrientationPortraitUpsideDown UIInterfaceOrientationLandscapeLeft UIInterfaceOrientationLandscapeRight";
				INFOPLIST_KEY_UISupportedInterfaceOrientations_iPhone = "UIInterfaceOrientationPortrait UIInterfaceOrientationPortrait UIInterfaceOrientationLandscapeLeft UIInterfaceOrientationLandscapeRight";
				LD_RUNPATH_SEARCH_PATHS = (
					"$(inherited)",
					"@executable_path/Frameworks",
				);
				MARKETING_VERSION = 1.0;
				PRODUCT_BUNDLE_IDENTIFIER = kinship.parent;
				PRODUCT_NAME = "$(TARGET_NAME)";
				SWIFT_EMIT_LOC_STRINGS = YES;
				SWIFT_OBJC_BRIDGING_HEADER = "/Users/timlu/repos/parent-app/parent/frontend/ParentApp-Bridging-Header.h";
				SWIFT_VERSION = 5.0;
				TARGETED_DEVICE_FAMILY = "1,2";
			};
			name = Debug;
		};
		E6FAE8742A91B9490016143E /* Release */ = {
			isa = XCBuildConfiguration;
			baseConfigurationReference = 2BD3AAC01ED3E914AF445BBA /* Pods-parent.release.xcconfig */;
			buildSettings = {
				ASSETCATALOG_COMPILER_APPICON_NAME = AppIcon;
				ASSETCATALOG_COMPILER_GLOBAL_ACCENT_COLOR_NAME = AccentColor;
				CODE_SIGN_STYLE = Automatic;
				CURRENT_PROJECT_VERSION = 1;
				DEVELOPMENT_ASSET_PATHS = "\"frontend/Preview Content\"";
				DEVELOPMENT_TEAM = N5KU46C5G8;
				ENABLE_PREVIEWS = YES;
				GENERATE_INFOPLIST_FILE = YES;
				INFOPLIST_KEY_NSMicrophoneUsageDescription = "This app uses the microphone to record audio.";
				INFOPLIST_KEY_UIApplicationSceneManifest_Generation = YES;
				INFOPLIST_KEY_UIApplicationSupportsIndirectInputEvents = YES;
				INFOPLIST_KEY_UILaunchScreen_Generation = YES;
				INFOPLIST_KEY_UISupportedInterfaceOrientations_iPad = "UIInterfaceOrientationPortrait UIInterfaceOrientationPortraitUpsideDown UIInterfaceOrientationLandscapeLeft UIInterfaceOrientationLandscapeRight";
				INFOPLIST_KEY_UISupportedInterfaceOrientations_iPhone = "UIInterfaceOrientationPortrait UIInterfaceOrientationPortrait UIInterfaceOrientationLandscapeLeft UIInterfaceOrientationLandscapeRight";
				LD_RUNPATH_SEARCH_PATHS = (
					"$(inherited)",
					"@executable_path/Frameworks",
				);
				MARKETING_VERSION = 1.0;
				PRODUCT_BUNDLE_IDENTIFIER = kinship.parent;
				PRODUCT_NAME = "$(TARGET_NAME)";
				SWIFT_EMIT_LOC_STRINGS = YES;
				SWIFT_OBJC_BRIDGING_HEADER = "/Users/timlu/repos/parent-app/parent/frontend/ParentApp-Bridging-Header.h";
				SWIFT_VERSION = 5.0;
				TARGETED_DEVICE_FAMILY = "1,2";
			};
			name = Release;
		};
		E6FAE8762A91B9490016143E /* Debug */ = {
			isa = XCBuildConfiguration;
			baseConfigurationReference = 4CF5220B2EC90C1599FAE855 /* Pods-parentTests.debug.xcconfig */;
			buildSettings = {
				ALWAYS_EMBED_SWIFT_STANDARD_LIBRARIES = YES;
				BUNDLE_LOADER = "$(TEST_HOST)";
				CODE_SIGN_STYLE = Automatic;
				CURRENT_PROJECT_VERSION = 1;
				GENERATE_INFOPLIST_FILE = YES;
				IPHONEOS_DEPLOYMENT_TARGET = 16.4;
				MARKETING_VERSION = 1.0;
				PRODUCT_BUNDLE_IDENTIFIER = kinship.parentTests;
				PRODUCT_NAME = "$(TARGET_NAME)";
				SWIFT_EMIT_LOC_STRINGS = NO;
				SWIFT_VERSION = 5.0;
				TARGETED_DEVICE_FAMILY = "1,2";
				TEST_HOST = "$(BUILT_PRODUCTS_DIR)/parent.app/$(BUNDLE_EXECUTABLE_FOLDER_PATH)/parent";
			};
			name = Debug;
		};
		E6FAE8772A91B9490016143E /* Release */ = {
			isa = XCBuildConfiguration;
			baseConfigurationReference = DCEDA03A7937B3BC3542ADAB /* Pods-parentTests.release.xcconfig */;
			buildSettings = {
				ALWAYS_EMBED_SWIFT_STANDARD_LIBRARIES = YES;
				BUNDLE_LOADER = "$(TEST_HOST)";
				CODE_SIGN_STYLE = Automatic;
				CURRENT_PROJECT_VERSION = 1;
				GENERATE_INFOPLIST_FILE = YES;
				IPHONEOS_DEPLOYMENT_TARGET = 16.4;
				MARKETING_VERSION = 1.0;
				PRODUCT_BUNDLE_IDENTIFIER = kinship.parentTests;
				PRODUCT_NAME = "$(TARGET_NAME)";
				SWIFT_EMIT_LOC_STRINGS = NO;
				SWIFT_VERSION = 5.0;
				TARGETED_DEVICE_FAMILY = "1,2";
				TEST_HOST = "$(BUILT_PRODUCTS_DIR)/parent.app/$(BUNDLE_EXECUTABLE_FOLDER_PATH)/parent";
			};
			name = Release;
		};
		E6FAE8792A91B9490016143E /* Debug */ = {
			isa = XCBuildConfiguration;
			baseConfigurationReference = 6EC4877F213DC820AA84948C /* Pods-parent-parentUITests.debug.xcconfig */;
			buildSettings = {
				ALWAYS_EMBED_SWIFT_STANDARD_LIBRARIES = YES;
				CODE_SIGN_STYLE = Automatic;
				CURRENT_PROJECT_VERSION = 1;
				GENERATE_INFOPLIST_FILE = YES;
				MARKETING_VERSION = 1.0;
				PRODUCT_BUNDLE_IDENTIFIER = kinship.parentUITests;
				PRODUCT_NAME = "$(TARGET_NAME)";
				SWIFT_EMIT_LOC_STRINGS = NO;
				SWIFT_VERSION = 5.0;
				TARGETED_DEVICE_FAMILY = "1,2";
				TEST_TARGET_NAME = parent;
			};
			name = Debug;
		};
		E6FAE87A2A91B9490016143E /* Release */ = {
			isa = XCBuildConfiguration;
			baseConfigurationReference = C06ECDF8DF99786D1D07FC98 /* Pods-parent-parentUITests.release.xcconfig */;
			buildSettings = {
				ALWAYS_EMBED_SWIFT_STANDARD_LIBRARIES = YES;
				CODE_SIGN_STYLE = Automatic;
				CURRENT_PROJECT_VERSION = 1;
				GENERATE_INFOPLIST_FILE = YES;
				MARKETING_VERSION = 1.0;
				PRODUCT_BUNDLE_IDENTIFIER = kinship.parentUITests;
				PRODUCT_NAME = "$(TARGET_NAME)";
				SWIFT_EMIT_LOC_STRINGS = NO;
				SWIFT_VERSION = 5.0;
				TARGETED_DEVICE_FAMILY = "1,2";
				TEST_TARGET_NAME = parent;
			};
			name = Release;
		};
/* End XCBuildConfiguration section */

/* Begin XCConfigurationList section */
		E6FAE8492A91B9470016143E /* Build configuration list for PBXProject "parent" */ = {
			isa = XCConfigurationList;
			buildConfigurations = (
				E6FAE8702A91B9490016143E /* Debug */,
				E6FAE8712A91B9490016143E /* Release */,
			);
			defaultConfigurationIsVisible = 0;
			defaultConfigurationName = Release;
		};
		E6FAE8722A91B9490016143E /* Build configuration list for PBXNativeTarget "parent" */ = {
			isa = XCConfigurationList;
			buildConfigurations = (
				E6FAE8732A91B9490016143E /* Debug */,
				E6FAE8742A91B9490016143E /* Release */,
			);
			defaultConfigurationIsVisible = 0;
			defaultConfigurationName = Release;
		};
		E6FAE8752A91B9490016143E /* Build configuration list for PBXNativeTarget "parentTests" */ = {
			isa = XCConfigurationList;
			buildConfigurations = (
				E6FAE8762A91B9490016143E /* Debug */,
				E6FAE8772A91B9490016143E /* Release */,
			);
			defaultConfigurationIsVisible = 0;
			defaultConfigurationName = Release;
		};
		E6FAE8782A91B9490016143E /* Build configuration list for PBXNativeTarget "parentUITests" */ = {
			isa = XCConfigurationList;
			buildConfigurations = (
				E6FAE8792A91B9490016143E /* Debug */,
				E6FAE87A2A91B9490016143E /* Release */,
			);
			defaultConfigurationIsVisible = 0;
			defaultConfigurationName = Release;
		};
/* End XCConfigurationList section */
	};
	rootObject = E6FAE8462A91B9470016143E /* Project object */;
}
